
Microsoft Visual Studio Solution File, Format Version 12.00
Project("{FAE04EC0-301F-11D3-BF4B-00C04F79EFBC}") = "aocp", "aocp\aocp.csproj", "{5A609498-23EF-44ED-9926-5710AF76CE48}"
EndProject
Global
	GlobalSection(SolutionConfigurationPlatforms) = preSolution
		Debug|Any CPU = Debug|Any CPU
		Release|Any CPU = Release|Any CPU
	EndGlobalSection
	GlobalSection(ProjectConfigurationPlatforms) = postSolution
		{5A609498-23EF-44ED-9926-5710AF76CE48}.Debug|Any CPU.ActiveCfg = Debug|Any CPU
		{5A609498-23EF-44ED-9926-5710AF76CE48}.Debug|Any CPU.Build.0 = Debug|Any CPU
		{5A609498-23EF-44ED-9926-5710AF76CE48}.Release|Any CPU.ActiveCfg = Release|Any CPU
		{5A609498-23EF-44ED-9926-5710AF76CE48}.Release|Any CPU.Build.0 = Release|Any CPU
	EndGlobalSection
EndGlobal
